
Microsoft Visual Studio Solution File, Format Version 12.00
# Visual Studio Version 17
VisualStudioVersion = 17.0.31903.59
MinimumVisualStudioVersion = 10.0.40219.1
Project("{2150E333-8FDC-42A3-9474-1A3956D46DE8}") = "src", "src", "{6B3D3CE2-DEFF-45CA-AC63-99366312500F}"
EndProject
Project("{2150E333-8FDC-42A3-9474-1A3956D46DE8}") = "tests", "tests", "{D621A358-E740-415E-B6A1-F53501B23D2E}"
EndProject
Project("{FAE04EC0-301F-11D3-BF4B-00C04F79EFBC}") = "Api", "src\Api\Api.csproj", "{58EC57C3-1655-4970-AEA3-C0109F2883A2}"
EndProject
Project("{FAE04EC0-301F-11D3-BF4B-00C04F79EFBC}") = "Api.Tests", "tests\Api.Tests\Api.Tests.csproj", "{C9ABFAB0-BFF7-4F31-88FD-EA424BBFC561}"
EndProject
Project("{FAE04EC0-301F-11D3-BF4B-00C04F79EFBC}") = "Api.IntegrationTests", "tests\Api.IntegrationTests\Api.IntegrationTests.csproj", "{B84524DF-0CCC-40DB-94CD-937843AF89AE}"
EndProject
Project("{FAE04EC0-301F-11D3-BF4B-00C04F79EFBC}") = "Contracts", "src\Contracts\Contracts.csproj", "{8871DE0A-5EF3-493B-A156-586DD2E97D07}"
EndProject
Project("{FAE04EC0-301F-11D3-BF4B-00C04F79EFBC}") = "Testing", "tests\Testing\Testing.csproj", "{8BDF0781-A7E6-4A8B-8C3D-EC5FD949807C}"
EndProject
Project("{FAE04EC0-301F-11D3-BF4B-00C04F79EFBC}") = "BtmsStub", "tests\BtmsStub\BtmsStub.csproj", "{F35B2E4B-32B3-4E4B-B0AB-AFDD6678D525}"
EndProject
Project("{2150E333-8FDC-42A3-9474-1A3956D46DE8}") = "tools", "tools", "{7AC9385A-6350-41A9-A771-F51A06A72EA0}"
EndProject
Project("{FAE04EC0-301F-11D3-BF4B-00C04F79EFBC}") = "BtmsStubScenarios", "tools\BtmsStubScenarios\BtmsStubScenarios.csproj", "{099709C3-4186-4F1F-85C6-B07E929860C0}"
EndProject
Project("{FAE04EC0-301F-11D3-BF4B-00C04F79EFBC}") = "SchemaToCSharp", "tools\SchemaToCSharp\SchemaToCSharp.csproj", "{E973931D-E646-4159-9329-7E568ADB5BEF}"
EndProject
Global
	GlobalSection(SolutionConfigurationPlatforms) = preSolution
		Debug|Any CPU = Debug|Any CPU
		Release|Any CPU = Release|Any CPU
	EndGlobalSection
	GlobalSection(SolutionProperties) = preSolution
		HideSolutionNode = FALSE
	EndGlobalSection
	GlobalSection(ProjectConfigurationPlatforms) = postSolution
		{58EC57C3-1655-4970-AEA3-C0109F2883A2}.Debug|Any CPU.ActiveCfg = Debug|Any CPU
		{58EC57C3-1655-4970-AEA3-C0109F2883A2}.Debug|Any CPU.Build.0 = Debug|Any CPU
		{58EC57C3-1655-4970-AEA3-C0109F2883A2}.Release|Any CPU.ActiveCfg = Release|Any CPU
		{58EC57C3-1655-4970-AEA3-C0109F2883A2}.Release|Any CPU.Build.0 = Release|Any CPU
		{C9ABFAB0-BFF7-4F31-88FD-EA424BBFC561}.Debug|Any CPU.ActiveCfg = Debug|Any CPU
		{C9ABFAB0-BFF7-4F31-88FD-EA424BBFC561}.Debug|Any CPU.Build.0 = Debug|Any CPU
		{C9ABFAB0-BFF7-4F31-88FD-EA424BBFC561}.Release|Any CPU.ActiveCfg = Release|Any CPU
		{C9ABFAB0-BFF7-4F31-88FD-EA424BBFC561}.Release|Any CPU.Build.0 = Release|Any CPU
		{B84524DF-0CCC-40DB-94CD-937843AF89AE}.Debug|Any CPU.ActiveCfg = Debug|Any CPU
		{B84524DF-0CCC-40DB-94CD-937843AF89AE}.Debug|Any CPU.Build.0 = Debug|Any CPU
		{B84524DF-0CCC-40DB-94CD-937843AF89AE}.Release|Any CPU.ActiveCfg = Release|Any CPU
		{B84524DF-0CCC-40DB-94CD-937843AF89AE}.Release|Any CPU.Build.0 = Release|Any CPU
		{8871DE0A-5EF3-493B-A156-586DD2E97D07}.Debug|Any CPU.ActiveCfg = Debug|Any CPU
		{8871DE0A-5EF3-493B-A156-586DD2E97D07}.Debug|Any CPU.Build.0 = Debug|Any CPU
		{8871DE0A-5EF3-493B-A156-586DD2E97D07}.Release|Any CPU.ActiveCfg = Release|Any CPU
		{8871DE0A-5EF3-493B-A156-586DD2E97D07}.Release|Any CPU.Build.0 = Release|Any CPU
		{8BDF0781-A7E6-4A8B-8C3D-EC5FD949807C}.Debug|Any CPU.ActiveCfg = Debug|Any CPU
		{8BDF0781-A7E6-4A8B-8C3D-EC5FD949807C}.Debug|Any CPU.Build.0 = Debug|Any CPU
		{8BDF0781-A7E6-4A8B-8C3D-EC5FD949807C}.Release|Any CPU.ActiveCfg = Release|Any CPU
		{8BDF0781-A7E6-4A8B-8C3D-EC5FD949807C}.Release|Any CPU.Build.0 = Release|Any CPU
		{A30B65B3-ACFA-4FAA-A733-1559FB8D8AEB}.Debug|Any CPU.ActiveCfg = Debug|Any CPU
		{A30B65B3-ACFA-4FAA-A733-1559FB8D8AEB}.Debug|Any CPU.Build.0 = Debug|Any CPU
		{A30B65B3-ACFA-4FAA-A733-1559FB8D8AEB}.Release|Any CPU.ActiveCfg = Release|Any CPU
		{A30B65B3-ACFA-4FAA-A733-1559FB8D8AEB}.Release|Any CPU.Build.0 = Release|Any CPU
		{F35B2E4B-32B3-4E4B-B0AB-AFDD6678D525}.Debug|Any CPU.ActiveCfg = Debug|Any CPU
		{F35B2E4B-32B3-4E4B-B0AB-AFDD6678D525}.Debug|Any CPU.Build.0 = Debug|Any CPU
		{F35B2E4B-32B3-4E4B-B0AB-AFDD6678D525}.Release|Any CPU.ActiveCfg = Release|Any CPU
		{F35B2E4B-32B3-4E4B-B0AB-AFDD6678D525}.Release|Any CPU.Build.0 = Release|Any CPU
		{099709C3-4186-4F1F-85C6-B07E929860C0}.Debug|Any CPU.ActiveCfg = Debug|Any CPU
		{099709C3-4186-4F1F-85C6-B07E929860C0}.Debug|Any CPU.Build.0 = Debug|Any CPU
		{099709C3-4186-4F1F-85C6-B07E929860C0}.Release|Any CPU.ActiveCfg = Release|Any CPU
		{099709C3-4186-4F1F-85C6-B07E929860C0}.Release|Any CPU.Build.0 = Release|Any CPU
		{E973931D-E646-4159-9329-7E568ADB5BEF}.Debug|Any CPU.ActiveCfg = Debug|Any CPU
		{E973931D-E646-4159-9329-7E568ADB5BEF}.Debug|Any CPU.Build.0 = Debug|Any CPU
		{E973931D-E646-4159-9329-7E568ADB5BEF}.Release|Any CPU.ActiveCfg = Release|Any CPU
		{E973931D-E646-4159-9329-7E568ADB5BEF}.Release|Any CPU.Build.0 = Release|Any CPU
	EndGlobalSection
	GlobalSection(NestedProjects) = preSolution
		{58EC57C3-1655-4970-AEA3-C0109F2883A2} = {6B3D3CE2-DEFF-45CA-AC63-99366312500F}
		{C9ABFAB0-BFF7-4F31-88FD-EA424BBFC561} = {D621A358-E740-415E-B6A1-F53501B23D2E}
		{B84524DF-0CCC-40DB-94CD-937843AF89AE} = {D621A358-E740-415E-B6A1-F53501B23D2E}
		{8871DE0A-5EF3-493B-A156-586DD2E97D07} = {6B3D3CE2-DEFF-45CA-AC63-99366312500F}
		{8BDF0781-A7E6-4A8B-8C3D-EC5FD949807C} = {D621A358-E740-415E-B6A1-F53501B23D2E}
		{F35B2E4B-32B3-4E4B-B0AB-AFDD6678D525} = {D621A358-E740-415E-B6A1-F53501B23D2E}
		{099709C3-4186-4F1F-85C6-B07E929860C0} = {7AC9385A-6350-41A9-A771-F51A06A72EA0}
		{E973931D-E646-4159-9329-7E568ADB5BEF} = {7AC9385A-6350-41A9-A771-F51A06A72EA0}
	EndGlobalSection
EndGlobal
